
Microsoft Visual Studio Solution File, Format Version 10.00
# Visual Studio 2008
Project("{FAE04EC0-301F-11D3-BF4B-00C04F79EFBC}") = "OpenIDDialog", "OpenIDDialog\OpenIDDialog.csproj", "{5CC97880-B5E1-4527-91CC-5A19E2F18621}"
EndProject
Project("{E24C65DC-7377-472B-9ABA-BC803B73C61A}") = "Example", "Example\", "{E823AF76-F997-4A5F-B8BD-FD206806021C}"
	ProjectSection(WebsiteProperties) = preProject
		TargetFramework = "3.5"
		ProjectReferences = "{5CC97880-B5E1-4527-91CC-5A19E2F18621}|OpenIDDialog.dll;"
		Debug.AspNetCompiler.VirtualPath = "/Example"
		Debug.AspNetCompiler.PhysicalPath = "Example\"
		Debug.AspNetCompiler.TargetPath = "PrecompiledWeb\Example\"
		Debug.AspNetCompiler.Updateable = "true"
		Debug.AspNetCompiler.ForceOverwrite = "true"
		Debug.AspNetCompiler.FixedNames = "false"
		Debug.AspNetCompiler.Debug = "True"
		Release.AspNetCompiler.VirtualPath = "/Example"
		Release.AspNetCompiler.PhysicalPath = "Example\"
		Release.AspNetCompiler.TargetPath = "PrecompiledWeb\Example\"
		Release.AspNetCompiler.Updateable = "true"
		Release.AspNetCompiler.ForceOverwrite = "true"
		Release.AspNetCompiler.FixedNames = "false"
		Release.AspNetCompiler.Debug = "False"
		VWDPort = "60962"
		DefaultWebSiteLanguage = "Visual C#"
	EndProjectSection
EndProject
Global
	GlobalSection(SolutionConfigurationPlatforms) = preSolution
		Debug|Any CPU = Debug|Any CPU
		Release|Any CPU = Release|Any CPU
	EndGlobalSection
	GlobalSection(ProjectConfigurationPlatforms) = postSolution
		{5CC97880-B5E1-4527-91CC-5A19E2F18621}.Debug|Any CPU.ActiveCfg = Debug|Any CPU
		{5CC97880-B5E1-4527-91CC-5A19E2F18621}.Debug|Any CPU.Build.0 = Debug|Any CPU
		{5CC97880-B5E1-4527-91CC-5A19E2F18621}.Release|Any CPU.ActiveCfg = Release|Any CPU
		{5CC97880-B5E1-4527-91CC-5A19E2F18621}.Release|Any CPU.Build.0 = Release|Any CPU
		{E823AF76-F997-4A5F-B8BD-FD206806021C}.Debug|Any CPU.ActiveCfg = Debug|Any CPU
		{E823AF76-F997-4A5F-B8BD-FD206806021C}.Debug|Any CPU.Build.0 = Debug|Any CPU
		{E823AF76-F997-4A5F-B8BD-FD206806021C}.Release|Any CPU.ActiveCfg = Debug|Any CPU
		{E823AF76-F997-4A5F-B8BD-FD206806021C}.Release|Any CPU.Build.0 = Debug|Any CPU
	EndGlobalSection
	GlobalSection(SolutionProperties) = preSolution
		HideSolutionNode = FALSE
	EndGlobalSection
EndGlobal
